<?xml version="1.0" encoding="UTF-8" standalone="yes" ?>
<CodeBlocks_project_file>
	<FileVersion major="1" minor="6" />
	<Project>
		<Option title="MobileMultiSink" />
		<Option pch_mode="2" />
		<Option compiler="gcc" />
		<Build>
			<Target title="Debug">
				<Option output="bin/Debug/MultiMobileSink" prefix_auto="1" extension_auto="1" />
				<Option object_output="obj/Debug/" />
				<Option type="1" />
				<Option compiler="gcc" />
				<Compiler>
					<Add option="-std=c++11" />
					<Add option="-g" />
					<Add option="`wx-config --cxxflags`" />
					<Add option="-DARTICLE" />
					<Add option="-DDEBUG" />
					<Add option="-DPARAM_REAL_WORLD" />
					<Add directory="include" />
				</Compiler>
				<Linker>
					<Add option="`wx-config --libs`" />
				</Linker>
			</Target>
			<Target title="Release">
				<Option platforms="Unix;" />
				<Option output="bin/Release/MultiMobileSink" prefix_auto="1" extension_auto="1" />
				<Option object_output="obj/Release/" />
				<Option type="1" />
				<Option compiler="gcc" />
				<Compiler>
					<Add option="-march=core2" />
					<Add option="-O3" />
					<Add option="-std=c++11" />
					<Add option="`wx-config --cxxflags`" />
					<Add option="-DPARAM_REAL_WORLD" />
					<Add directory="include" />
				</Compiler>
				<Linker>
					<Add option="-s" />
					<Add option="`wx-config --libs`" />
				</Linker>
			</Target>
			<Target title="Release_Win32">
				<Option platforms="Windows;" />
				<Option output="bin/Release_Win32/MultiMobileSink" prefix_auto="1" extension_auto="1" />
				<Option object_output="obj/Release_Win32/" />
				<Option type="1" />
				<Option compiler="gcc" />
				<Compiler>
					<Add option="-march=core2" />
					<Add option="-O3" />
					<Add option="-std=c++11" />
					<Add option="-pthread" />
					<Add option="-D__WXMSW__" />
					<Add option="-DPARAM_REAL_WORLD" />
					<Add directory="include" />
					<Add directory="C:/Arquivos de programas/CodeBlocks/MinGW/lib/mswu" />
					<Add directory="C:/Arquivos de programas/CodeBlocks/MinGW/include" />
				</Compiler>
				<ResourceCompiler>
					<Add directory="C:/Arquiv~1/CodeBlocks/MinGW/include" />
				</ResourceCompiler>
				<Linker>
					<Add option="-s" />
					<Add option="-pthread -mwindows" />
					<Add library="wxbase30u" />
					<Add library="wxbase30u_xml" />
					<Add library="wxmsw30u_adv" />
					<Add library="wxmsw30u_core" />
				</Linker>
			</Target>
			<Target title="Release_wxGTK2.8">
				<Option platforms="Unix;" />
				<Option output="bin/Release_wxGTK2.8/MultiMobileSink" prefix_auto="1" extension_auto="1" />
				<Option object_output="obj/Release_wxGTK2.8/" />
				<Option type="1" />
				<Option compiler="gcc" />
				<Compiler>
					<Add option="-march=core2" />
					<Add option="-O3" />
					<Add option="-std=c++11" />
					<Add option="`wx-config --version=2.8 --cxxflags`" />
					<Add option="-DPARAM_REAL_WORLD" />
					<Add directory="include" />
				</Compiler>
				<Linker>
					<Add option="-s" />
					<Add option="`wx-config --version=2.8 --libs`" />
				</Linker>
			</Target>
		</Build>
		<Compiler>
			<Add option="-Wall" />
			<Add option="-fexceptions" />
		</Compiler>
		<Unit filename="include/Cluster.h" />
		<Unit filename="include/Edge.h" />
		<Unit filename="include/FrameGUI.h" />
		<Unit filename="include/Graph.h" />
		<Unit filename="include/MMSApp.h" />
		<Unit filename="include/Network.h" />
		<Unit filename="include/Node.h" />
		<Unit filename="include/Obstacle.h" />
		<Unit filename="include/PanelNetwork.h" />
		<Unit filename="include/Path.h" />
		<Unit filename="include/Point.h" />
		<Unit filename="include/Sink.h" />
		<Unit filename="include/Vertex.h" />
		<Unit filename="include/appdefs.h" />
		<Unit filename="proj.rc">
			<Option compilerVar="WINDRES" />
		</Unit>
		<Unit filename="src/Cluster.cpp" />
		<Unit filename="src/Edge.cpp" />
		<Unit filename="src/FrameGUI.cpp" />
		<Unit filename="src/Graph.cpp" />
		<Unit filename="src/MMSApp.cpp" />
		<Unit filename="src/Network.cpp" />
		<Unit filename="src/Node.cpp" />
		<Unit filename="src/Obstacle.cpp" />
		<Unit filename="src/PanelNetwork.cpp" />
		<Unit filename="src/Path.cpp" />
		<Unit filename="src/Point.cpp" />
		<Unit filename="src/Sink.cpp" />
		<Unit filename="src/Vertex.cpp" />
		<Unit filename="src/appdefs.cpp" />
		<Unit filename="todo.txt" />
		<Extensions>
			<code_completion />
			<debugger />
			<envvars />
		</Extensions>
	</Project>
</CodeBlocks_project_file>
